
Microsoft Visual Studio Solution File, Format Version 12.00
# Visual Studio Version 17
VisualStudioVersion = 17.0.31903.59
MinimumVisualStudioVersion = 10.0.40219.1
Project("{FAE04EC0-301F-11D3-BF4B-00C04F79EFBC}") = "Algorithms", "Algorithms\Algorithms.csproj", "{CEDEA67B-A541-410E-AED6-3A88308D90DD}"
EndProject
Project("{FAE04EC0-301F-11D3-BF4B-00C04F79EFBC}") = "Averages.Tests", "Averages.Tests\Averages.Tests.csproj", "{2BDCB8EC-86E8-4717-801E-33D8A0D6B834}"
EndProject
Project("{FAE04EC0-301F-11D3-BF4B-00C04F79EFBC}") = "Algorithms.Tests", "Algorithms.Tests\Algorithms.Tests.csproj", "{7C09F8E8-0058-46BF-9C1E-D0616DF0770F}"
EndProject
Project("{FAE04EC0-301F-11D3-BF4B-00C04F79EFBC}") = "Alchemy", "Alchemy\Alchemy.csproj", "{F0A5F1BD-AEC5-4ACD-A464-34F3C4B796B6}"
EndProject
Project("{FAE04EC0-301F-11D3-BF4B-00C04F79EFBC}") = "Alchemy.Test", "Alchemy.Test\Alchemy.Test.csproj", "{823DACD0-ACD9-4CBD-A67A-5087B56F549D}"
EndProject
Project("{FAE04EC0-301F-11D3-BF4B-00C04F79EFBC}") = "RobotWantedLeague", "RobotWantedLeague\RobotWantedLeague.csproj", "{96F9C8AC-0135-404B-849A-E3B5B9E76018}"
EndProject
Project("{FAE04EC0-301F-11D3-BF4B-00C04F79EFBC}") = "RobotWantedLeague.Test", "RobotWantedLeague.Test\RobotWantedLeague.Test.csproj", "{71492370-E78C-48EC-99A1-90B9C8095C8C}"
EndProject
Global
	GlobalSection(SolutionConfigurationPlatforms) = preSolution
		Debug|Any CPU = Debug|Any CPU
		Release|Any CPU = Release|Any CPU
	EndGlobalSection
	GlobalSection(SolutionProperties) = preSolution
		HideSolutionNode = FALSE
	EndGlobalSection
	GlobalSection(ProjectConfigurationPlatforms) = postSolution
		{CEDEA67B-A541-410E-AED6-3A88308D90DD}.Debug|Any CPU.ActiveCfg = Debug|Any CPU
		{CEDEA67B-A541-410E-AED6-3A88308D90DD}.Debug|Any CPU.Build.0 = Debug|Any CPU
		{CEDEA67B-A541-410E-AED6-3A88308D90DD}.Release|Any CPU.ActiveCfg = Release|Any CPU
		{CEDEA67B-A541-410E-AED6-3A88308D90DD}.Release|Any CPU.Build.0 = Release|Any CPU
		{2BDCB8EC-86E8-4717-801E-33D8A0D6B834}.Debug|Any CPU.ActiveCfg = Debug|Any CPU
		{2BDCB8EC-86E8-4717-801E-33D8A0D6B834}.Debug|Any CPU.Build.0 = Debug|Any CPU
		{2BDCB8EC-86E8-4717-801E-33D8A0D6B834}.Release|Any CPU.ActiveCfg = Release|Any CPU
		{2BDCB8EC-86E8-4717-801E-33D8A0D6B834}.Release|Any CPU.Build.0 = Release|Any CPU
		{7C09F8E8-0058-46BF-9C1E-D0616DF0770F}.Debug|Any CPU.ActiveCfg = Debug|Any CPU
		{7C09F8E8-0058-46BF-9C1E-D0616DF0770F}.Debug|Any CPU.Build.0 = Debug|Any CPU
		{7C09F8E8-0058-46BF-9C1E-D0616DF0770F}.Release|Any CPU.ActiveCfg = Release|Any CPU
		{7C09F8E8-0058-46BF-9C1E-D0616DF0770F}.Release|Any CPU.Build.0 = Release|Any CPU
		{F0A5F1BD-AEC5-4ACD-A464-34F3C4B796B6}.Debug|Any CPU.ActiveCfg = Debug|Any CPU
		{F0A5F1BD-AEC5-4ACD-A464-34F3C4B796B6}.Debug|Any CPU.Build.0 = Debug|Any CPU
		{F0A5F1BD-AEC5-4ACD-A464-34F3C4B796B6}.Release|Any CPU.ActiveCfg = Release|Any CPU
		{F0A5F1BD-AEC5-4ACD-A464-34F3C4B796B6}.Release|Any CPU.Build.0 = Release|Any CPU
		{823DACD0-ACD9-4CBD-A67A-5087B56F549D}.Debug|Any CPU.ActiveCfg = Debug|Any CPU
		{823DACD0-ACD9-4CBD-A67A-5087B56F549D}.Debug|Any CPU.Build.0 = Debug|Any CPU
		{823DACD0-ACD9-4CBD-A67A-5087B56F549D}.Release|Any CPU.ActiveCfg = Release|Any CPU
		{823DACD0-ACD9-4CBD-A67A-5087B56F549D}.Release|Any CPU.Build.0 = Release|Any CPU
		{96F9C8AC-0135-404B-849A-E3B5B9E76018}.Debug|Any CPU.ActiveCfg = Debug|Any CPU
		{96F9C8AC-0135-404B-849A-E3B5B9E76018}.Debug|Any CPU.Build.0 = Debug|Any CPU
		{96F9C8AC-0135-404B-849A-E3B5B9E76018}.Release|Any CPU.ActiveCfg = Release|Any CPU
		{96F9C8AC-0135-404B-849A-E3B5B9E76018}.Release|Any CPU.Build.0 = Release|Any CPU
		{71492370-E78C-48EC-99A1-90B9C8095C8C}.Debug|Any CPU.ActiveCfg = Debug|Any CPU
		{71492370-E78C-48EC-99A1-90B9C8095C8C}.Debug|Any CPU.Build.0 = Debug|Any CPU
		{71492370-E78C-48EC-99A1-90B9C8095C8C}.Release|Any CPU.ActiveCfg = Release|Any CPU
		{71492370-E78C-48EC-99A1-90B9C8095C8C}.Release|Any CPU.Build.0 = Release|Any CPU
	EndGlobalSection
EndGlobal
